# This file was autogenerated by Stack.
# You should not edit this file by hand.
# For more information, please see the documentation at:
#   https://docs.haskellstack.org/en/stable/lock_files

packages:
- completed:
    cabal-file:
      size: 2797
      sha256: 56bf460948b2862fc9129212f4f9fa39bfb39fa30bb4b7281e35d9cd82365853
    name: language-docker
    version: 9.0.0
    git: https://github.com/hadolint/language-docker.git
    pantry-tree:
      size: 2319
      sha256: fd7991c2c1ad3f23dc067fe29dd60ff3e91233b9576309bd4633c842c9926ce3
    commit: 4d8377aaaf318753b69c7c93fe7c934f0cad206d
  original:
    git: https://github.com/hadolint/language-docker.git
    commit: 4d8377aaaf318753b69c7c93fe7c934f0cad206d
snapshots:
- completed:
    size: 496111
    url: https://raw.githubusercontent.com/commercialhaskell/stackage-snapshots/master/lts/15/14.yaml
    sha256: c442d702d66b8c129b3473a32c609050aabf1dc2f8e8502402c143271a8fb141
  original: lts-15.14
