# This file was autogenerated by Stack.
# You should not edit this file by hand.
# For more information, please see the documentation at:
#   https://docs.haskellstack.org/en/stable/lock_files

packages:
- completed:
    hackage: language-docker-9.0.0@sha256:2bc58e0dd7ab5e42261482a1c50ad595a81b4bd93e42c1271f45a74812ccda30,2794
    pantry-tree:
      size: 1465
      sha256: 53550bfa36c71764e997cdc76545256ee4cdd4f5bc5cfbf5d75be5ae2b768e2e
  original:
    hackage: language-docker-9.0.0@sha256:2bc58e0dd7ab5e42261482a1c50ad595a81b4bd93e42c1271f45a74812ccda30,2794
snapshots:
- completed:
    size: 496111
    url: https://raw.githubusercontent.com/commercialhaskell/stackage-snapshots/master/lts/15/14.yaml
    sha256: c442d702d66b8c129b3473a32c609050aabf1dc2f8e8502402c143271a8fb141
  original: lts-15.14
